
Microsoft Visual Studio Solution File, Format Version 12.00
# Visual Studio Version 17
VisualStudioVersion = 17.12.35707.178 d17.12
MinimumVisualStudioVersion = 10.0.40219.1
Project("{D2ABAB84-BF74-430A-B69E-9DC6D40DDA17}") = "lab8", "lab8\lab8.dwproj", "{B6ABE6EE-73F8-4C1D-A18A-A318A73E5C45}"
EndProject
Global
	GlobalSection(SolutionConfigurationPlatforms) = preSolution
		Development|Default = Development|Default
	EndGlobalSection
	GlobalSection(ProjectConfigurationPlatforms) = postSolution
		{B6ABE6EE-73F8-4C1D-A18A-A318A73E5C45}.Development|Default.ActiveCfg = Development
		{B6ABE6EE-73F8-4C1D-A18A-A318A73E5C45}.Development|Default.Build.0 = Development
		{B6ABE6EE-73F8-4C1D-A18A-A318A73E5C45}.Development|Default.Deploy.0 = Development
	EndGlobalSection
	GlobalSection(SolutionProperties) = preSolution
		HideSolutionNode = FALSE
	EndGlobalSection
EndGlobal
